{
	"name": "TestApp",
	"version": "0.0.1",
	"lockfileVersion": 1,
	"requires": true,
	"dependencies": {
		"react-native-maps": {
			"version": "0.16.2",
			"resolved": "https://registry.npmjs.org/react-native-maps/-/react-native-maps-0.16.2.tgz",
			"integrity": "sha512-jNyhXGNN/TfDoLf4dJrYLydeqE6z3VWU4HnUcoCXS426jvKZSwkYT+OaKY03UxfTPky1Ho7Sbz/9SrN6YgB0dQ=="
		}
	}
}
